// !$*UTF8*$!
{
	archiveVersion = 1;
	classes = {
	};
	objectVersion = 50;
	objects = {

/* Begin PBXBuildFile section */
		188DBF6D2643D62800C308AB /* SectionHeaderView.swift in Sources */ = {isa = PBXBuildFile; fileRef = 188DBF6C2643D62800C308AB /* SectionHeaderView.swift */; };
		18C8C3272643B36900D30476 /* AppDelegate.swift in Sources */ = {isa = PBXBuildFile; fileRef = 18C8C3262643B36900D30476 /* AppDelegate.swift */; };
		18C8C32B2643B36900D30476 /* ViewController.swift in Sources */ = {isa = PBXBuildFile; fileRef = 18C8C32A2643B36900D30476 /* ViewController.swift */; };
		18C8C32E2643B36900D30476 /* Main.storyboard in Resources */ = {isa = PBXBuildFile; fileRef = 18C8C32C2643B36900D30476 /* Main.storyboard */; };
		18C8C3302643B36B00D30476 /* Assets.xcassets in Resources */ = {isa = PBXBuildFile; fileRef = 18C8C32F2643B36B00D30476 /* Assets.xcassets */; };
		18C8C3332643B36B00D30476 /* LaunchScreen.storyboard in Resources */ = {isa = PBXBuildFile; fileRef = 18C8C3312643B36B00D30476 /* LaunchScreen.storyboard */; };
		18C8C33E2643B36B00D30476 /* MavericTaskTests.swift in Sources */ = {isa = PBXBuildFile; fileRef = 18C8C33D2643B36B00D30476 /* MavericTaskTests.swift */; };
		18C8C3492643B36B00D30476 /* MavericTaskUITests.swift in Sources */ = {isa = PBXBuildFile; fileRef = 18C8C3482643B36B00D30476 /* MavericTaskUITests.swift */; };
		18C8C3602643B55500D30476 /* ItemTableViewCell.swift in Sources */ = {isa = PBXBuildFile; fileRef = 18C8C35F2643B55500D30476 /* ItemTableViewCell.swift */; };
		18C8C3652643B6DF00D30476 /* Helper.swift in Sources */ = {isa = PBXBuildFile; fileRef = 18C8C3642643B6DF00D30476 /* Helper.swift */; };
/* End PBXBuildFile section */

/* Begin PBXContainerItemProxy section */
		18C8C33A2643B36B00D30476 /* PBXContainerItemProxy */ = {
			isa = PBXContainerItemProxy;
			containerPortal = 18C8C31B2643B36900D30476 /* Project object */;
			proxyType = 1;
			remoteGlobalIDString = 18C8C3222643B36900D30476;
			remoteInfo = MavericTask;
		};
		18C8C3452643B36B00D30476 /* PBXContainerItemProxy */ = {
			isa = PBXContainerItemProxy;
			containerPortal = 18C8C31B2643B36900D30476 /* Project object */;
			proxyType = 1;
			remoteGlobalIDString = 18C8C3222643B36900D30476;
			remoteInfo = MavericTask;
		};
/* End PBXContainerItemProxy section */

/* Begin PBXFileReference section */
		188DBF6C2643D62800C308AB /* SectionHeaderView.swift */ = {isa = PBXFileReference; lastKnownFileType = sourcecode.swift; path = SectionHeaderView.swift; sourceTree = "<group>"; };
		18C8C3232643B36900D30476 /* MavericTask.app */ = {isa = PBXFileReference; explicitFileType = wrapper.application; includeInIndex = 0; path = MavericTask.app; sourceTree = BUILT_PRODUCTS_DIR; };
		18C8C3262643B36900D30476 /* AppDelegate.swift */ = {isa = PBXFileReference; lastKnownFileType = sourcecode.swift; path = AppDelegate.swift; sourceTree = "<group>"; };
		18C8C32A2643B36900D30476 /* ViewController.swift */ = {isa = PBXFileReference; lastKnownFileType = sourcecode.swift; path = ViewController.swift; sourceTree = "<group>"; };
		18C8C32D2643B36900D30476 /* Base */ = {isa = PBXFileReference; lastKnownFileType = file.storyboard; name = Base; path = Base.lproj/Main.storyboard; sourceTree = "<group>"; };
		18C8C32F2643B36B00D30476 /* Assets.xcassets */ = {isa = PBXFileReference; lastKnownFileType = folder.assetcatalog; path = Assets.xcassets; sourceTree = "<group>"; };
		18C8C3322643B36B00D30476 /* Base */ = {isa = PBXFileReference; lastKnownFileType = file.storyboard; name = Base; path = Base.lproj/LaunchScreen.storyboard; sourceTree = "<group>"; };
		18C8C3342643B36B00D30476 /* Info.plist */ = {isa = PBXFileReference; lastKnownFileType = text.plist.xml; path = Info.plist; sourceTree = "<group>"; };
		18C8C3392643B36B00D30476 /* MavericTaskTests.xctest */ = {isa = PBXFileReference; explicitFileType = wrapper.cfbundle; includeInIndex = 0; path = MavericTaskTests.xctest; sourceTree = BUILT_PRODUCTS_DIR; };
		18C8C33D2643B36B00D30476 /* MavericTaskTests.swift */ = {isa = PBXFileReference; lastKnownFileType = sourcecode.swift; path = MavericTaskTests.swift; sourceTree = "<group>"; };
		18C8C33F2643B36B00D30476 /* Info.plist */ = {isa = PBXFileReference; lastKnownFileType = text.plist.xml; path = Info.plist; sourceTree = "<group>"; };
		18C8C3442643B36B00D30476 /* MavericTaskUITests.xctest */ = {isa = PBXFileReference; explicitFileType = wrapper.cfbundle; includeInIndex = 0; path = MavericTaskUITests.xctest; sourceTree = BUILT_PRODUCTS_DIR; };
		18C8C3482643B36B00D30476 /* MavericTaskUITests.swift */ = {isa = PBXFileReference; lastKnownFileType = sourcecode.swift; path = MavericTaskUITests.swift; sourceTree = "<group>"; };
		18C8C34A2643B36B00D30476 /* Info.plist */ = {isa = PBXFileReference; lastKnownFileType = text.plist.xml; path = Info.plist; sourceTree = "<group>"; };
		18C8C35F2643B55500D30476 /* ItemTableViewCell.swift */ = {isa = PBXFileReference; lastKnownFileType = sourcecode.swift; path = ItemTableViewCell.swift; sourceTree = "<group>"; };
		18C8C3642643B6DF00D30476 /* Helper.swift */ = {isa = PBXFileReference; lastKnownFileType = sourcecode.swift; path = Helper.swift; sourceTree = "<group>"; };
/* End PBXFileReference section */

/* Begin PBXFrameworksBuildPhase section */
		18C8C3202643B36900D30476 /* Frameworks */ = {
			isa = PBXFrameworksBuildPhase;
			buildActionMask = 2147483647;
			files = (
			);
			runOnlyForDeploymentPostprocessing = 0;
		};
		18C8C3362643B36B00D30476 /* Frameworks */ = {
			isa = PBXFrameworksBuildPhase;
			buildActionMask = 2147483647;
			files = (
			);
			runOnlyForDeploymentPostprocessing = 0;
		};
		18C8C3412643B36B00D30476 /* Frameworks */ = {
			isa = PBXFrameworksBuildPhase;
			buildActionMask = 2147483647;
			files = (
			);
			runOnlyForDeploymentPostprocessing = 0;
		};
/* End PBXFrameworksBuildPhase section */

/* Begin PBXGroup section */
		18C8C31A2643B36900D30476 = {
			isa = PBXGroup;
			children = (
				18C8C3252643B36900D30476 /* MavericTask */,
				18C8C33C2643B36B00D30476 /* MavericTaskTests */,
				18C8C3472643B36B00D30476 /* MavericTaskUITests */,
				18C8C3242643B36900D30476 /* Products */,
			);
			sourceTree = "<group>";
		};
		18C8C3242643B36900D30476 /* Products */ = {
			isa = PBXGroup;
			children = (
				18C8C3232643B36900D30476 /* MavericTask.app */,
				18C8C3392643B36B00D30476 /* MavericTaskTests.xctest */,
				18C8C3442643B36B00D30476 /* MavericTaskUITests.xctest */,
			);
			name = Products;
			sourceTree = "<group>";
		};
		18C8C3252643B36900D30476 /* MavericTask */ = {
			isa = PBXGroup;
			children = (
				18C8C3262643B36900D30476 /* AppDelegate.swift */,
				18C8C32A2643B36900D30476 /* ViewController.swift */,
				18C8C35F2643B55500D30476 /* ItemTableViewCell.swift */,
				18C8C3642643B6DF00D30476 /* Helper.swift */,
				188DBF6C2643D62800C308AB /* SectionHeaderView.swift */,
				18C8C32C2643B36900D30476 /* Main.storyboard */,
				18C8C32F2643B36B00D30476 /* Assets.xcassets */,
				18C8C3312643B36B00D30476 /* LaunchScreen.storyboard */,
				18C8C3342643B36B00D30476 /* Info.plist */,
			);
			path = MavericTask;
			sourceTree = "<group>";
		};
		18C8C33C2643B36B00D30476 /* MavericTaskTests */ = {
			isa = PBXGroup;
			children = (
				18C8C33D2643B36B00D30476 /* MavericTaskTests.swift */,
				18C8C33F2643B36B00D30476 /* Info.plist */,
			);
			path = MavericTaskTests;
			sourceTree = "<group>";
		};
		18C8C3472643B36B00D30476 /* MavericTaskUITests */ = {
			isa = PBXGroup;
			children = (
				18C8C3482643B36B00D30476 /* MavericTaskUITests.swift */,
				18C8C34A2643B36B00D30476 /* Info.plist */,
			);
			path = MavericTaskUITests;
			sourceTree = "<group>";
		};
/* End PBXGroup section */

/* Begin PBXNativeTarget section */
		18C8C3222643B36900D30476 /* MavericTask */ = {
			isa = PBXNativeTarget;
			buildConfigurationList = 18C8C34D2643B36B00D30476 /* Build configuration list for PBXNativeTarget "MavericTask" */;
			buildPhases = (
				18C8C31F2643B36900D30476 /* Sources */,
				18C8C3202643B36900D30476 /* Frameworks */,
				18C8C3212643B36900D30476 /* Resources */,
			);
			buildRules = (
			);
			dependencies = (
			);
			name = MavericTask;
			productName = MavericTask;
			productReference = 18C8C3232643B36900D30476 /* MavericTask.app */;
			productType = "com.apple.product-type.application";
		};
		18C8C3382643B36B00D30476 /* MavericTaskTests */ = {
			isa = PBXNativeTarget;
			buildConfigurationList = 18C8C3502643B36B00D30476 /* Build configuration list for PBXNativeTarget "MavericTaskTests" */;
			buildPhases = (
				18C8C3352643B36B00D30476 /* Sources */,
				18C8C3362643B36B00D30476 /* Frameworks */,
				18C8C3372643B36B00D30476 /* Resources */,
			);
			buildRules = (
			);
			dependencies = (
				18C8C33B2643B36B00D30476 /* PBXTargetDependency */,
			);
			name = MavericTaskTests;
			productName = MavericTaskTests;
			productReference = 18C8C3392643B36B00D30476 /* MavericTaskTests.xctest */;
			productType = "com.apple.product-type.bundle.unit-test";
		};
		18C8C3432643B36B00D30476 /* MavericTaskUITests */ = {
			isa = PBXNativeTarget;
			buildConfigurationList = 18C8C3532643B36B00D30476 /* Build configuration list for PBXNativeTarget "MavericTaskUITests" */;
			buildPhases = (
				18C8C3402643B36B00D30476 /* Sources */,
				18C8C3412643B36B00D30476 /* Frameworks */,
				18C8C3422643B36B00D30476 /* Resources */,
			);
			buildRules = (
			);
			dependencies = (
				18C8C3462643B36B00D30476 /* PBXTargetDependency */,
			);
			name = MavericTaskUITests;
			productName = MavericTaskUITests;
			productReference = 18C8C3442643B36B00D30476 /* MavericTaskUITests.xctest */;
			productType = "com.apple.product-type.bundle.ui-testing";
		};
/* End PBXNativeTarget section */

/* Begin PBXProject section */
		18C8C31B2643B36900D30476 /* Project object */ = {
			isa = PBXProject;
			attributes = {
				LastSwiftUpdateCheck = 1230;
				LastUpgradeCheck = 1230;
				TargetAttributes = {
					18C8C3222643B36900D30476 = {
						CreatedOnToolsVersion = 12.3;
					};
					18C8C3382643B36B00D30476 = {
						CreatedOnToolsVersion = 12.3;
						TestTargetID = 18C8C3222643B36900D30476;
					};
					18C8C3432643B36B00D30476 = {
						CreatedOnToolsVersion = 12.3;
						TestTargetID = 18C8C3222643B36900D30476;
					};
				};
			};
			buildConfigurationList = 18C8C31E2643B36900D30476 /* Build configuration list for PBXProject "MavericTask" */;
			compatibilityVersion = "Xcode 9.3";
			developmentRegion = en;
			hasScannedForEncodings = 0;
			knownRegions = (
				en,
				Base,
			);
			mainGroup = 18C8C31A2643B36900D30476;
			productRefGroup = 18C8C3242643B36900D30476 /* Products */;
			projectDirPath = "";
			projectRoot = "";
			targets = (
				18C8C3222643B36900D30476 /* MavericTask */,
				18C8C3382643B36B00D30476 /* MavericTaskTests */,
				18C8C3432643B36B00D30476 /* MavericTaskUITests */,
			);
		};
/* End PBXProject section */

/* Begin PBXResourcesBuildPhase section */
		18C8C3212643B36900D30476 /* Resources */ = {
			isa = PBXResourcesBuildPhase;
			buildActionMask = 2147483647;
			files = (
				18C8C3332643B36B00D30476 /* LaunchScreen.storyboard in Resources */,
				18C8C3302643B36B00D30476 /* Assets.xcassets in Resources */,
				18C8C32E2643B36900D30476 /* Main.storyboard in Resources */,
			);
			runOnlyForDeploymentPostprocessing = 0;
		};
		18C8C3372643B36B00D30476 /* Resources */ = {
			isa = PBXResourcesBuildPhase;
			buildActionMask = 2147483647;
			files = (
			);
			runOnlyForDeploymentPostprocessing = 0;
		};
		18C8C3422643B36B00D30476 /* Resources */ = {
			isa = PBXResourcesBuildPhase;
			buildActionMask = 2147483647;
			files = (
			);
			runOnlyForDeploymentPostprocessing = 0;
		};
/* End PBXResourcesBuildPhase section */

/* Begin PBXSourcesBuildPhase section */
		18C8C31F2643B36900D30476 /* Sources */ = {
			isa = PBXSourcesBuildPhase;
			buildActionMask = 2147483647;
			files = (
				18C8C32B2643B36900D30476 /* ViewController.swift in Sources */,
				18C8C3602643B55500D30476 /* ItemTableViewCell.swift in Sources */,
				188DBF6D2643D62800C308AB /* SectionHeaderView.swift in Sources */,
				18C8C3272643B36900D30476 /* AppDelegate.swift in Sources */,
				18C8C3652643B6DF00D30476 /* Helper.swift in Sources */,
			);
			runOnlyForDeploymentPostprocessing = 0;
		};
		18C8C3352643B36B00D30476 /* Sources */ = {
			isa = PBXSourcesBuildPhase;
			buildActionMask = 2147483647;
			files = (
				18C8C33E2643B36B00D30476 /* MavericTaskTests.swift in Sources */,
			);
			runOnlyForDeploymentPostprocessing = 0;
		};
		18C8C3402643B36B00D30476 /* Sources */ = {
			isa = PBXSourcesBuildPhase;
			buildActionMask = 2147483647;
			files = (
				18C8C3492643B36B00D30476 /* MavericTaskUITests.swift in Sources */,
			);
			runOnlyForDeploymentPostprocessing = 0;
		};
/* End PBXSourcesBuildPhase section */

/* Begin PBXTargetDependency section */
		18C8C33B2643B36B00D30476 /* PBXTargetDependency */ = {
			isa = PBXTargetDependency;
			target = 18C8C3222643B36900D30476 /* MavericTask */;
			targetProxy = 18C8C33A2643B36B00D30476 /* PBXContainerItemProxy */;
		};
		18C8C3462643B36B00D30476 /* PBXTargetDependency */ = {
			isa = PBXTargetDependency;
			target = 18C8C3222643B36900D30476 /* MavericTask */;
			targetProxy = 18C8C3452643B36B00D30476 /* PBXContainerItemProxy */;
		};
/* End PBXTargetDependency section */

/* Begin PBXVariantGroup section */
		18C8C32C2643B36900D30476 /* Main.storyboard */ = {
			isa = PBXVariantGroup;
			children = (
				18C8C32D2643B36900D30476 /* Base */,
			);
			name = Main.storyboard;
			sourceTree = "<group>";
		};
		18C8C3312643B36B00D30476 /* LaunchScreen.storyboard */ = {
			isa = PBXVariantGroup;
			children = (
				18C8C3322643B36B00D30476 /* Base */,
			);
			name = LaunchScreen.storyboard;
			sourceTree = "<group>";
		};
/* End PBXVariantGroup section */

/* Begin XCBuildConfiguration section */
		18C8C34B2643B36B00D30476 /* Debug */ = {
			isa = XCBuildConfiguration;
			buildSettings = {
				ALWAYS_SEARCH_USER_PATHS = NO;
				CLANG_ANALYZER_NONNULL = YES;
				CLANG_ANALYZER_NUMBER_OBJECT_CONVERSION = YES_AGGRESSIVE;
				CLANG_CXX_LANGUAGE_STANDARD = "gnu++14";
				CLANG_CXX_LIBRARY = "libc++";
				CLANG_ENABLE_MODULES = YES;
				CLANG_ENABLE_OBJC_ARC = YES;
				CLANG_ENABLE_OBJC_WEAK = YES;
				CLANG_WARN_BLOCK_CAPTURE_AUTORELEASING = YES;
				CLANG_WARN_BOOL_CONVERSION = YES;
				CLANG_WARN_COMMA = YES;
				CLANG_WARN_CONSTANT_CONVERSION = YES;
				CLANG_WARN_DEPRECATED_OBJC_IMPLEMENTATIONS = YES;
				CLANG_WARN_DIRECT_OBJC_ISA_USAGE = YES_ERROR;
				CLANG_WARN_DOCUMENTATION_COMMENTS = YES;
				CLANG_WARN_EMPTY_BODY = YES;
				CLANG_WARN_ENUM_CONVERSION = YES;
				CLANG_WARN_INFINITE_RECURSION = YES;
				CLANG_WARN_INT_CONVERSION = YES;
				CLANG_WARN_NON_LITERAL_NULL_CONVERSION = YES;
				CLANG_WARN_OBJC_IMPLICIT_RETAIN_SELF = YES;
				CLANG_WARN_OBJC_LITERAL_CONVERSION = YES;
				CLANG_WARN_OBJC_ROOT_CLASS = YES_ERROR;
				CLANG_WARN_QUOTED_INCLUDE_IN_FRAMEWORK_HEADER = YES;
				CLANG_WARN_RANGE_LOOP_ANALYSIS = YES;
				CLANG_WARN_STRICT_PROTOTYPES = YES;
				CLANG_WARN_SUSPICIOUS_MOVE = YES;
				CLANG_WARN_UNGUARDED_AVAILABILITY = YES_AGGRESSIVE;
				CLANG_WARN_UNREACHABLE_CODE = YES;
				CLANG_WARN__DUPLICATE_METHOD_MATCH = YES;
				COPY_PHASE_STRIP = NO;
				DEBUG_INFORMATION_FORMAT = dwarf;
				ENABLE_STRICT_OBJC_MSGSEND = YES;
				ENABLE_TESTABILITY = YES;
				GCC_C_LANGUAGE_STANDARD = gnu11;
				GCC_DYNAMIC_NO_PIC = NO;
				GCC_NO_COMMON_BLOCKS = YES;
				GCC_OPTIMIZATION_LEVEL = 0;
				GCC_PREPROCESSOR_DEFINITIONS = (
					"DEBUG=1",
					"$(inherited)",
				);
				GCC_WARN_64_TO_32_BIT_CONVERSION = YES;
				GCC_WARN_ABOUT_RETURN_TYPE = YES_ERROR;
				GCC_WARN_UNDECLARED_SELECTOR = YES;
				GCC_WARN_UNINITIALIZED_AUTOS = YES_AGGRESSIVE;
				GCC_WARN_UNUSED_FUNCTION = YES;
				GCC_WARN_UNUSED_VARIABLE = YES;
				IPHONEOS_DEPLOYMENT_TARGET = 14.3;
				MTL_ENABLE_DEBUG_INFO = INCLUDE_SOURCE;
				MTL_FAST_MATH = YES;
				ONLY_ACTIVE_ARCH = YES;
				SDKROOT = iphoneos;
				SWIFT_ACTIVE_COMPILATION_CONDITIONS = DEBUG;
				SWIFT_OPTIMIZATION_LEVEL = "-Onone";
			};
			name = Debug;
		};
		18C8C34C2643B36B00D30476 /* Release */ = {
			isa = XCBuildConfiguration;
			buildSettings = {
				ALWAYS_SEARCH_USER_PATHS = NO;
				CLANG_ANALYZER_NONNULL = YES;
				CLANG_ANALYZER_NUMBER_OBJECT_CONVERSION = YES_AGGRESSIVE;
				CLANG_CXX_LANGUAGE_STANDARD = "gnu++14";
				CLANG_CXX_LIBRARY = "libc++";
				CLANG_ENABLE_MODULES = YES;
				CLANG_ENABLE_OBJC_ARC = YES;
				CLANG_ENABLE_OBJC_WEAK = YES;
				CLANG_WARN_BLOCK_CAPTURE_AUTORELEASING = YES;
				CLANG_WARN_BOOL_CONVERSION = YES;
				CLANG_WARN_COMMA = YES;
				CLANG_WARN_CONSTANT_CONVERSION = YES;
				CLANG_WARN_DEPRECATED_OBJC_IMPLEMENTATIONS = YES;
				CLANG_WARN_DIRECT_OBJC_ISA_USAGE = YES_ERROR;
				CLANG_WARN_DOCUMENTATION_COMMENTS = YES;
				CLANG_WARN_EMPTY_BODY = YES;
				CLANG_WARN_ENUM_CONVERSION = YES;
				CLANG_WARN_INFINITE_RECURSION = YES;
				CLANG_WARN_INT_CONVERSION = YES;
				CLANG_WARN_NON_LITERAL_NULL_CONVERSION = YES;
				CLANG_WARN_OBJC_IMPLICIT_RETAIN_SELF = YES;
				CLANG_WARN_OBJC_LITERAL_CONVERSION = YES;
				CLANG_WARN_OBJC_ROOT_CLASS = YES_ERROR;
				CLANG_WARN_QUOTED_INCLUDE_IN_FRAMEWORK_HEADER = YES;
				CLANG_WARN_RANGE_LOOP_ANALYSIS = YES;
				CLANG_WARN_STRICT_PROTOTYPES = YES;
				CLANG_WARN_SUSPICIOUS_MOVE = YES;
				CLANG_WARN_UNGUARDED_AVAILABILITY = YES_AGGRESSIVE;
				CLANG_WARN_UNREACHABLE_CODE = YES;
				CLANG_WARN__DUPLICATE_METHOD_MATCH = YES;
				COPY_PHASE_STRIP = NO;
				DEBUG_INFORMATION_FORMAT = "dwarf-with-dsym";
				ENABLE_NS_ASSERTIONS = NO;
				ENABLE_STRICT_OBJC_MSGSEND = YES;
				GCC_C_LANGUAGE_STANDARD = gnu11;
				GCC_NO_COMMON_BLOCKS = YES;
				GCC_WARN_64_TO_32_BIT_CONVERSION = YES;
				GCC_WARN_ABOUT_RETURN_TYPE = YES_ERROR;
				GCC_WARN_UNDECLARED_SELECTOR = YES;
				GCC_WARN_UNINITIALIZED_AUTOS = YES_AGGRESSIVE;
				GCC_WARN_UNUSED_FUNCTION = YES;
				GCC_WARN_UNUSED_VARIABLE = YES;
				IPHONEOS_DEPLOYMENT_TARGET = 14.3;
				MTL_ENABLE_DEBUG_INFO = NO;
				MTL_FAST_MATH = YES;
				SDKROOT = iphoneos;
				SWIFT_COMPILATION_MODE = wholemodule;
				SWIFT_OPTIMIZATION_LEVEL = "-O";
				VALIDATE_PRODUCT = YES;
			};
			name = Release;
		};
		18C8C34E2643B36B00D30476 /* Debug */ = {
			isa = XCBuildConfiguration;
			buildSettings = {
				ASSETCATALOG_COMPILER_APPICON_NAME = AppIcon;
				ASSETCATALOG_COMPILER_GLOBAL_ACCENT_COLOR_NAME = AccentColor;
				CODE_SIGN_STYLE = Automatic;
				DEVELOPMENT_TEAM = 2RJ8L7U44B;
				INFOPLIST_FILE = MavericTask/Info.plist;
				LD_RUNPATH_SEARCH_PATHS = (
					"$(inherited)",
					"@executable_path/Frameworks",
				);
				PRODUCT_BUNDLE_IDENTIFIER = com.novis.MavericTask;
				PRODUCT_NAME = "$(TARGET_NAME)";
				SWIFT_VERSION = 5.0;
				TARGETED_DEVICE_FAMILY = "1,2";
			};
			name = Debug;
		};
		18C8C34F2643B36B00D30476 /* Release */ = {
			isa = XCBuildConfiguration;
			buildSettings = {
				ASSETCATALOG_COMPILER_APPICON_NAME = AppIcon;
				ASSETCATALOG_COMPILER_GLOBAL_ACCENT_COLOR_NAME = AccentColor;
				CODE_SIGN_STYLE = Automatic;
				DEVELOPMENT_TEAM = 2RJ8L7U44B;
				INFOPLIST_FILE = MavericTask/Info.plist;
				LD_RUNPATH_SEARCH_PATHS = (
					"$(inherited)",
					"@executable_path/Frameworks",
				);
				PRODUCT_BUNDLE_IDENTIFIER = com.novis.MavericTask;
				PRODUCT_NAME = "$(TARGET_NAME)";
				SWIFT_VERSION = 5.0;
				TARGETED_DEVICE_FAMILY = "1,2";
			};
			name = Release;
		};
		18C8C3512643B36B00D30476 /* Debug */ = {
			isa = XCBuildConfiguration;
			buildSettings = {
				ALWAYS_EMBED_SWIFT_STANDARD_LIBRARIES = YES;
				BUNDLE_LOADER = "$(TEST_HOST)";
				CODE_SIGN_STYLE = Automatic;
				DEVELOPMENT_TEAM = 2RJ8L7U44B;
				INFOPLIST_FILE = MavericTaskTests/Info.plist;
				IPHONEOS_DEPLOYMENT_TARGET = 14.3;
				LD_RUNPATH_SEARCH_PATHS = (
					"$(inherited)",
					"@executable_path/Frameworks",
					"@loader_path/Frameworks",
				);
				PRODUCT_BUNDLE_IDENTIFIER = com.novis.MavericTaskTests;
				PRODUCT_NAME = "$(TARGET_NAME)";
				SWIFT_VERSION = 5.0;
				TARGETED_DEVICE_FAMILY = "1,2";
				TEST_HOST = "$(BUILT_PRODUCTS_DIR)/MavericTask.app/MavericTask";
			};
			name = Debug;
		};
		18C8C3522643B36B00D30476 /* Release */ = {
			isa = XCBuildConfiguration;
			buildSettings = {
				ALWAYS_EMBED_SWIFT_STANDARD_LIBRARIES = YES;
				BUNDLE_LOADER = "$(TEST_HOST)";
				CODE_SIGN_STYLE = Automatic;
				DEVELOPMENT_TEAM = 2RJ8L7U44B;
				INFOPLIST_FILE = MavericTaskTests/Info.plist;
				IPHONEOS_DEPLOYMENT_TARGET = 14.3;
				LD_RUNPATH_SEARCH_PATHS = (
					"$(inherited)",
					"@executable_path/Frameworks",
					"@loader_path/Frameworks",
				);
				PRODUCT_BUNDLE_IDENTIFIER = com.novis.MavericTaskTests;
				PRODUCT_NAME = "$(TARGET_NAME)";
				SWIFT_VERSION = 5.0;
				TARGETED_DEVICE_FAMILY = "1,2";
				TEST_HOST = "$(BUILT_PRODUCTS_DIR)/MavericTask.app/MavericTask";
			};
			name = Release;
		};
		18C8C3542643B36B00D30476 /* Debug */ = {
			isa = XCBuildConfiguration;
			buildSettings = {
				ALWAYS_EMBED_SWIFT_STANDARD_LIBRARIES = YES;
				CODE_SIGN_STYLE = Automatic;
				DEVELOPMENT_TEAM = 2RJ8L7U44B;
				INFOPLIST_FILE = MavericTaskUITests/Info.plist;
				LD_RUNPATH_SEARCH_PATHS = (
					"$(inherited)",
					"@executable_path/Frameworks",
					"@loader_path/Frameworks",
				);
				PRODUCT_BUNDLE_IDENTIFIER = com.novis.MavericTaskUITests;
				PRODUCT_NAME = "$(TARGET_NAME)";
				SWIFT_VERSION = 5.0;
				TARGETED_DEVICE_FAMILY = "1,2";
				TEST_TARGET_NAME = MavericTask;
			};
			name = Debug;
		};
		18C8C3552643B36B00D30476 /* Release */ = {
			isa = XCBuildConfiguration;
			buildSettings = {
				ALWAYS_EMBED_SWIFT_STANDARD_LIBRARIES = YES;
				CODE_SIGN_STYLE = Automatic;
				DEVELOPMENT_TEAM = 2RJ8L7U44B;
				INFOPLIST_FILE = MavericTaskUITests/Info.plist;
				LD_RUNPATH_SEARCH_PATHS = (
					"$(inherited)",
					"@executable_path/Frameworks",
					"@loader_path/Frameworks",
				);
				PRODUCT_BUNDLE_IDENTIFIER = com.novis.MavericTaskUITests;
				PRODUCT_NAME = "$(TARGET_NAME)";
				SWIFT_VERSION = 5.0;
				TARGETED_DEVICE_FAMILY = "1,2";
				TEST_TARGET_NAME = MavericTask;
			};
			name = Release;
		};
/* End XCBuildConfiguration section */

/* Begin XCConfigurationList section */
		18C8C31E2643B36900D30476 /* Build configuration list for PBXProject "MavericTask" */ = {
			isa = XCConfigurationList;
			buildConfigurations = (
				18C8C34B2643B36B00D30476 /* Debug */,
				18C8C34C2643B36B00D30476 /* Release */,
			);
			defaultConfigurationIsVisible = 0;
			defaultConfigurationName = Release;
		};
		18C8C34D2643B36B00D30476 /* Build configuration list for PBXNativeTarget "MavericTask" */ = {
			isa = XCConfigurationList;
			buildConfigurations = (
				18C8C34E2643B36B00D30476 /* Debug */,
				18C8C34F2643B36B00D30476 /* Release */,
			);
			defaultConfigurationIsVisible = 0;
			defaultConfigurationName = Release;
		};
		18C8C3502643B36B00D30476 /* Build configuration list for PBXNativeTarget "MavericTaskTests" */ = {
			isa = XCConfigurationList;
			buildConfigurations = (
				18C8C3512643B36B00D30476 /* Debug */,
				18C8C3522643B36B00D30476 /* Release */,
			);
			defaultConfigurationIsVisible = 0;
			defaultConfigurationName = Release;
		};
		18C8C3532643B36B00D30476 /* Build configuration list for PBXNativeTarget "MavericTaskUITests" */ = {
			isa = XCConfigurationList;
			buildConfigurations = (
				18C8C3542643B36B00D30476 /* Debug */,
				18C8C3552643B36B00D30476 /* Release */,
			);
			defaultConfigurationIsVisible = 0;
			defaultConfigurationName = Release;
		};
/* End XCConfigurationList section */
	};
	rootObject = 18C8C31B2643B36900D30476 /* Project object */;
}
